
Microsoft Visual Studio Solution File, Format Version 12.00
# Visual Studio 15
VisualStudioVersion = 15.0.28307.489
MinimumVisualStudioVersion = 10.0.40219.1
Project("{059D6162-CD51-11D0-AE1F-00A0C90FFFC3}") = "MicroClient", "MicroClient.vcxproj", "{BAC9531C-FC52-4798-8F1D-33BDBE4FBAE7}"
EndProject
Global
	GlobalSection(SolutionProperties) = preSolution
		HideSolutionNode = FALSE
	EndGlobalSection
	GlobalSection(ExtensibilityGlobals) = postSolution
		SolutionGuid = {E8779F83-34F6-46AF-A31B-64099E56C82A}
	EndGlobalSection
EndGlobal
